
Microsoft Visual Studio Solution File, Format Version 12.00
# Visual Studio Version 17
VisualStudioVersion = 17.9.34622.214
MinimumVisualStudioVersion = 10.0.40219.1
Project("{FAE04EC0-301F-11D3-BF4B-00C04F79EFBC}") = "ATM_simulation_application", "ATM_simulation_application\ATM_simulation_application.csproj", "{7260AD05-2A89-4FBE-8B62-5085F6E22AB2}"
EndProject
Global
	GlobalSection(SolutionConfigurationPlatforms) = preSolution
		Debug|Any CPU = Debug|Any CPU
		Release|Any CPU = Release|Any CPU
	EndGlobalSection
	GlobalSection(ProjectConfigurationPlatforms) = postSolution
		{7260AD05-2A89-4FBE-8B62-5085F6E22AB2}.Debug|Any CPU.ActiveCfg = Debug|Any CPU
		{7260AD05-2A89-4FBE-8B62-5085F6E22AB2}.Debug|Any CPU.Build.0 = Debug|Any CPU
		{7260AD05-2A89-4FBE-8B62-5085F6E22AB2}.Release|Any CPU.ActiveCfg = Release|Any CPU
		{7260AD05-2A89-4FBE-8B62-5085F6E22AB2}.Release|Any CPU.Build.0 = Release|Any CPU
	EndGlobalSection
	GlobalSection(SolutionProperties) = preSolution
		HideSolutionNode = FALSE
	EndGlobalSection
	GlobalSection(ExtensibilityGlobals) = postSolution
		SolutionGuid = {AADBA651-22FB-4BAC-9D15-D92C865B8284}
	EndGlobalSection
EndGlobal
